{
  "name": "vscode-css-languageserver",
  "version": "1.0.0",
  "lockfileVersion": 2,
  "requires": true,
  "packages": {
    "": {
      "name": "vscode-css-languageserver",
      "version": "1.0.0",
      "license": "MIT",
      "dependencies": {
        "@vscode/l10n": "^0.0.14",
        "typescript": "^5.2.0-dev.20230807",
        "vscode-css-languageservice": "^6.2.6",
        "vscode-languageserver": "^8.2.0-next.1",
        "vscode-uri": "^3.0.7"
      },
      "devDependencies": {
        "@types/mocha": "^9.1.1",
        "@types/node": "^18.17.6"
      },
      "engines": {
        "node": "*"
      }
    },
    "node_modules/@types/mocha": {
      "version": "9.1.1",
      "resolved": "https://registry.npmjs.org/@types/mocha/-/mocha-9.1.1.tgz",
      "integrity": "sha512-Z61JK7DKDtdKTWwLeElSEBcWGRLY8g95ic5FoQqI9CMx0ns/Ghep3B4DfcEimiKMvtamNVULVNKEsiwV3aQmXw==",
      "dev": true
    },
    "node_modules/@types/node": {
      "version": "18.17.6",
      "resolved": "https://registry.npmjs.org/@types/node/-/node-18.17.6.tgz",
      "integrity": "sha512-fGmT/P7z7ecA6bv/ia5DlaWCH4YeZvAQMNpUhrJjtAhOhZfoxS1VLUgU2pdk63efSjQaOJWdXMuAJsws+8I6dg==",
      "dev": true
    },
    "node_modules/@vscode/l10n": {
      "version": "0.0.14",
      "resolved": "https://registry.npmjs.org/@vscode/l10n/-/l10n-0.0.14.tgz",
      "integrity": "sha512-/yrv59IEnmh655z1oeDnGcvMYwnEzNzHLgeYcQCkhYX0xBvYWrAuefoiLcPBUkMpJsb46bqQ6Yv4pwTTQ4d3Qg=="
    },
    "node_modules/typescript": {
      "version": "5.2.0-dev.20230807",
      "resolved": "https://registry.npmjs.org/typescript/-/typescript-5.2.0-dev.20230807.tgz",
      "integrity": "sha512-sF8sZl3r/mpAdKAxASaWaoU+mNPF3g8OrZ601HraU2l4WEwAf6nO7sq0Bzl+Y3FV7sWjy+gb6kdM1CtLjVne/g==",
      "bin": {
        "tsc": "bin/tsc",
        "tsserver": "bin/tsserver"
      },
      "engines": {
        "node": ">=14.17"
      }
    },
    "node_modules/vscode-css-languageservice": {
      "version": "6.2.6",
      "resolved": "https://registry.npmjs.org/vscode-css-languageservice/-/vscode-css-languageservice-6.2.6.tgz",
      "integrity": "sha512-SA2WkeOecIpUiEbZnjOsP/fI5CRITZEiQGSHXKiDQDwLApfKcnLhZwMtOBbIifSzESVcQa7b/shX/nbnF4NoCg==",
      "dependencies": {
        "@vscode/l10n": "^0.0.14",
        "vscode-languageserver-textdocument": "^1.0.8",
        "vscode-languageserver-types": "^3.17.3",
        "vscode-uri": "^3.0.7"
      }
    },
    "node_modules/vscode-jsonrpc": {
      "version": "8.2.0-next.0",
      "resolved": "https://registry.npmjs.org/vscode-jsonrpc/-/vscode-jsonrpc-8.2.0-next.0.tgz",
      "integrity": "sha512-13jYzaFQpTz5qQ2P+l5c/iTVsj1wUpflP0CR/v4XaEpM0oToLEXZBTcuuox1WaGIbu3Av3xxmGNU4Hydl1iNKg==",
      "engines": {
        "node": ">=14.0.0"
      }
    },
    "node_modules/vscode-languageserver": {
      "version": "8.2.0-next.1",
      "resolved": "https://registry.npmjs.org/vscode-languageserver/-/vscode-languageserver-8.2.0-next.1.tgz",
      "integrity": "sha512-994AXMKBijzjlnpf8p9M+ntsNJDjR8pr55NJPYxKjy/nUhVkg962dAomelH6Z94401kBZmSbfP/K/20cB54aFA==",
      "dependencies": {
        "vscode-languageserver-protocol": "3.17.4-next.1"
      },
      "bin": {
        "installServerIntoExtension": "bin/installServerIntoExtension"
      }
    },
    "node_modules/vscode-languageserver-protocol": {
      "version": "3.17.4-next.1",
      "resolved": "https://registry.npmjs.org/vscode-languageserver-protocol/-/vscode-languageserver-protocol-3.17.4-next.1.tgz",
      "integrity": "sha512-qrK4BycgPR/+nkRN9PRVTblkLp+kUPUmAgF6rDhFzZIPXW4/MqWwFUT8uswIMGdlTPPgCEkFO/AYEZK1fDXODg==",
      "dependencies": {
        "vscode-jsonrpc": "8.2.0-next.0",
        "vscode-languageserver-types": "3.17.4-next.0"
      }
    },
    "node_modules/vscode-languageserver-protocol/node_modules/vscode-languageserver-types": {
      "version": "3.17.4-next.0",
      "resolved": "https://registry.npmjs.org/vscode-languageserver-types/-/vscode-languageserver-types-3.17.4-next.0.tgz",
      "integrity": "sha512-2FPKboHnT04xYjfM8JpJVBz4a/tryMw58jmzucaabZMZN5hzoFBrhc97jNG4n6edr9JUb9+QSwwcAcYpDTAoag=="
    },
    "node_modules/vscode-languageserver-textdocument": {
      "version": "1.0.8",
      "resolved": "https://registry.npmjs.org/vscode-languageserver-textdocument/-/vscode-languageserver-textdocument-1.0.8.tgz",
      "integrity": "sha512-1bonkGqQs5/fxGT5UchTgjGVnfysL0O8v1AYMBjqTbWQTFn721zaPGDYFkOKtfDgFiSgXM3KwaG3FMGfW4Ed9Q=="
    },
    "node_modules/vscode-languageserver-types": {
      "version": "3.17.3",
      "resolved": "https://registry.npmjs.org/vscode-languageserver-types/-/vscode-languageserver-types-3.17.3.tgz",
      "integrity": "sha512-SYU4z1dL0PyIMd4Vj8YOqFvHu7Hz/enbWtpfnVbJHU4Nd1YNYx8u0ennumc6h48GQNeOLxmwySmnADouT/AuZA=="
    },
    "node_modules/vscode-uri": {
      "version": "3.0.7",
      "resolved": "https://registry.npmjs.org/vscode-uri/-/vscode-uri-3.0.7.tgz",
      "integrity": "sha512-eOpPHogvorZRobNqJGhapa0JdwaxpjVvyBp0QIUMRMSf8ZAlqOdEquKuRmw9Qwu0qXtJIWqFtMkmvJjUZmMjVA=="
    }
  },
  "dependencies": {
    "@types/mocha": {
      "version": "9.1.1",
      "resolved": "https://registry.npmjs.org/@types/mocha/-/mocha-9.1.1.tgz",
      "integrity": "sha512-Z61JK7DKDtdKTWwLeElSEBcWGRLY8g95ic5FoQqI9CMx0ns/Ghep3B4DfcEimiKMvtamNVULVNKEsiwV3aQmXw==",
      "dev": true
    },
    "@types/node": {
      "version": "18.17.6",
      "resolved": "https://registry.npmjs.org/@types/node/-/node-18.17.6.tgz",
      "integrity": "sha512-fGmT/P7z7ecA6bv/ia5DlaWCH4YeZvAQMNpUhrJjtAhOhZfoxS1VLUgU2pdk63efSjQaOJWdXMuAJsws+8I6dg==",
      "dev": true
    },
    "@vscode/l10n": {
      "version": "0.0.14",
      "resolved": "https://registry.npmjs.org/@vscode/l10n/-/l10n-0.0.14.tgz",
      "integrity": "sha512-/yrv59IEnmh655z1oeDnGcvMYwnEzNzHLgeYcQCkhYX0xBvYWrAuefoiLcPBUkMpJsb46bqQ6Yv4pwTTQ4d3Qg=="
    },
    "typescript": {
      "version": "5.2.0-dev.20230807",
      "resolved": "https://registry.npmjs.org/typescript/-/typescript-5.2.0-dev.20230807.tgz",
      "integrity": "sha512-sF8sZl3r/mpAdKAxASaWaoU+mNPF3g8OrZ601HraU2l4WEwAf6nO7sq0Bzl+Y3FV7sWjy+gb6kdM1CtLjVne/g=="
    },
    "vscode-css-languageservice": {
      "version": "6.2.6",
      "resolved": "https://registry.npmjs.org/vscode-css-languageservice/-/vscode-css-languageservice-6.2.6.tgz",
      "integrity": "sha512-SA2WkeOecIpUiEbZnjOsP/fI5CRITZEiQGSHXKiDQDwLApfKcnLhZwMtOBbIifSzESVcQa7b/shX/nbnF4NoCg==",
      "requires": {
        "@vscode/l10n": "^0.0.14",
        "vscode-languageserver-textdocument": "^1.0.8",
        "vscode-languageserver-types": "^3.17.3",
        "vscode-uri": "^3.0.7"
      }
    },
    "vscode-jsonrpc": {
      "version": "8.2.0-next.0",
      "resolved": "https://registry.npmjs.org/vscode-jsonrpc/-/vscode-jsonrpc-8.2.0-next.0.tgz",
      "integrity": "sha512-13jYzaFQpTz5qQ2P+l5c/iTVsj1wUpflP0CR/v4XaEpM0oToLEXZBTcuuox1WaGIbu3Av3xxmGNU4Hydl1iNKg=="
    },
    "vscode-languageserver": {
      "version": "8.2.0-next.1",
      "resolved": "https://registry.npmjs.org/vscode-languageserver/-/vscode-languageserver-8.2.0-next.1.tgz",
      "integrity": "sha512-994AXMKBijzjlnpf8p9M+ntsNJDjR8pr55NJPYxKjy/nUhVkg962dAomelH6Z94401kBZmSbfP/K/20cB54aFA==",
      "requires": {
        "vscode-languageserver-protocol": "3.17.4-next.1"
      }
    },
    "vscode-languageserver-protocol": {
      "version": "3.17.4-next.1",
      "resolved": "https://registry.npmjs.org/vscode-languageserver-protocol/-/vscode-languageserver-protocol-3.17.4-next.1.tgz",
      "integrity": "sha512-qrK4BycgPR/+nkRN9PRVTblkLp+kUPUmAgF6rDhFzZIPXW4/MqWwFUT8uswIMGdlTPPgCEkFO/AYEZK1fDXODg==",
      "requires": {
        "vscode-jsonrpc": "8.2.0-next.0",
        "vscode-languageserver-types": "3.17.4-next.0"
      },
      "dependencies": {
        "vscode-languageserver-types": {
          "version": "3.17.4-next.0",
          "resolved": "https://registry.npmjs.org/vscode-languageserver-types/-/vscode-languageserver-types-3.17.4-next.0.tgz",
          "integrity": "sha512-2FPKboHnT04xYjfM8JpJVBz4a/tryMw58jmzucaabZMZN5hzoFBrhc97jNG4n6edr9JUb9+QSwwcAcYpDTAoag=="
        }
      }
    },
    "vscode-languageserver-textdocument": {
      "version": "1.0.8",
      "resolved": "https://registry.npmjs.org/vscode-languageserver-textdocument/-/vscode-languageserver-textdocument-1.0.8.tgz",
      "integrity": "sha512-1bonkGqQs5/fxGT5UchTgjGVnfysL0O8v1AYMBjqTbWQTFn721zaPGDYFkOKtfDgFiSgXM3KwaG3FMGfW4Ed9Q=="
    },
    "vscode-languageserver-types": {
      "version": "3.17.3",
      "resolved": "https://registry.npmjs.org/vscode-languageserver-types/-/vscode-languageserver-types-3.17.3.tgz",
      "integrity": "sha512-SYU4z1dL0PyIMd4Vj8YOqFvHu7Hz/enbWtpfnVbJHU4Nd1YNYx8u0ennumc6h48GQNeOLxmwySmnADouT/AuZA=="
    },
    "vscode-uri": {
      "version": "3.0.7",
      "resolved": "https://registry.npmjs.org/vscode-uri/-/vscode-uri-3.0.7.tgz",
      "integrity": "sha512-eOpPHogvorZRobNqJGhapa0JdwaxpjVvyBp0QIUMRMSf8ZAlqOdEquKuRmw9Qwu0qXtJIWqFtMkmvJjUZmMjVA=="
    }
  }
}
